{
  "name": "prometheus-mndp-autodiscovery",
  "version": "1.0.0",
  "lockfileVersion": 1,
  "requires": true,
  "dependencies": {
    "node-mndp": {
      "version": "0.0.2",
      "resolved": "https://registry.npmjs.org/node-mndp/-/node-mndp-0.0.2.tgz",
      "integrity": "sha512-0WUfdQvPDqPfCPbtqm/NJiHOq8PdQFQ06H5iGxYNjwClKKKK75+4KAZJ0/TUpFoCsQyCwk5HFAGcxS9Pt9zr3w=="
    }
  }
}
